// !$*UTF8*$!
{
	archiveVersion = 1;
	classes = {
	};
	objectVersion = 46;
	objects = {

/* Begin PBXBuildFile section */
		223EB3AF183E6A9B007D16FE /* Foundation.framework in Frameworks */ = {isa = PBXBuildFile; fileRef = 223EB3AE183E6A9B007D16FE /* Foundation.framework */; };
		223EB3B1183E6A9B007D16FE /* CoreGraphics.framework in Frameworks */ = {isa = PBXBuildFile; fileRef = 223EB3B0183E6A9B007D16FE /* CoreGraphics.framework */; };
		223EB3B3183E6A9B007D16FE /* UIKit.framework in Frameworks */ = {isa = PBXBuildFile; fileRef = 223EB3B2183E6A9B007D16FE /* UIKit.framework */; };
		223EB3B9183E6A9B007D16FE /* InfoPlist.strings in Resources */ = {isa = PBXBuildFile; fileRef = 223EB3B7183E6A9B007D16FE /* InfoPlist.strings */; };
		223EB3BB183E6A9B007D16FE /* main.m in Sources */ = {isa = PBXBuildFile; fileRef = 223EB3BA183E6A9B007D16FE /* main.m */; };
		223EB3BF183E6A9B007D16FE /* AppDelegate.m in Sources */ = {isa = PBXBuildFile; fileRef = 223EB3BE183E6A9B007D16FE /* AppDelegate.m */; };
		223EB3C1183E6A9B007D16FE /* Images.xcassets in Resources */ = {isa = PBXBuildFile; fileRef = 223EB3C0183E6A9B007D16FE /* Images.xcassets */; };
		223EB3DE183E6AC4007D16FE /* HomeStoryboard.storyboard in Resources */ = {isa = PBXBuildFile; fileRef = 223EB3DD183E6AC4007D16FE /* HomeStoryboard.storyboard */; };
		223EB3E3183E6BC4007D16FE /* NVSlideMenuController.m in Sources */ = {isa = PBXBuildFile; fileRef = 223EB3E2183E6BC4007D16FE /* NVSlideMenuController.m */; };
		223EB3E7183E6C88007D16FE /* HomeViewController.m in Sources */ = {isa = PBXBuildFile; fileRef = 223EB3E6183E6C88007D16FE /* HomeViewController.m */; };
		223EB3EA183E6CF7007D16FE /* MenuViewController.m in Sources */ = {isa = PBXBuildFile; fileRef = 223EB3E9183E6CF7007D16FE /* MenuViewController.m */; };
		223EB3EC183E7A31007D16FE /* QuartzCore.framework in Frameworks */ = {isa = PBXBuildFile; fileRef = 223EB3EB183E7A31007D16FE /* QuartzCore.framework */; };
/* End PBXBuildFile section */

/* Begin PBXFileReference section */
		223EB3AB183E6A9B007D16FE /* OilTank.app */ = {isa = PBXFileReference; explicitFileType = wrapper.application; includeInIndex = 0; path = OilTank.app; sourceTree = BUILT_PRODUCTS_DIR; };
		223EB3AE183E6A9B007D16FE /* Foundation.framework */ = {isa = PBXFileReference; lastKnownFileType = wrapper.framework; name = Foundation.framework; path = System/Library/Frameworks/Foundation.framework; sourceTree = SDKROOT; };
		223EB3B0183E6A9B007D16FE /* CoreGraphics.framework */ = {isa = PBXFileReference; lastKnownFileType = wrapper.framework; name = CoreGraphics.framework; path = System/Library/Frameworks/CoreGraphics.framework; sourceTree = SDKROOT; };
		223EB3B2183E6A9B007D16FE /* UIKit.framework */ = {isa = PBXFileReference; lastKnownFileType = wrapper.framework; name = UIKit.framework; path = System/Library/Frameworks/UIKit.framework; sourceTree = SDKROOT; };
		223EB3B6183E6A9B007D16FE /* OilTank-Info.plist */ = {isa = PBXFileReference; lastKnownFileType = text.plist.xml; path = "OilTank-Info.plist"; sourceTree = "<group>"; };
		223EB3B8183E6A9B007D16FE /* en */ = {isa = PBXFileReference; lastKnownFileType = text.plist.strings; name = en; path = en.lproj/InfoPlist.strings; sourceTree = "<group>"; };
		223EB3BA183E6A9B007D16FE /* main.m */ = {isa = PBXFileReference; lastKnownFileType = sourcecode.c.objc; path = main.m; sourceTree = "<group>"; };
		223EB3BC183E6A9B007D16FE /* OilTank-Prefix.pch */ = {isa = PBXFileReference; lastKnownFileType = sourcecode.c.h; path = "OilTank-Prefix.pch"; sourceTree = "<group>"; };
		223EB3BD183E6A9B007D16FE /* AppDelegate.h */ = {isa = PBXFileReference; lastKnownFileType = sourcecode.c.h; path = AppDelegate.h; sourceTree = "<group>"; };
		223EB3BE183E6A9B007D16FE /* AppDelegate.m */ = {isa = PBXFileReference; lastKnownFileType = sourcecode.c.objc; path = AppDelegate.m; sourceTree = "<group>"; };
		223EB3C0183E6A9B007D16FE /* Images.xcassets */ = {isa = PBXFileReference; lastKnownFileType = folder.assetcatalog; path = Images.xcassets; sourceTree = "<group>"; };
		223EB3DD183E6AC4007D16FE /* HomeStoryboard.storyboard */ = {isa = PBXFileReference; fileEncoding = 4; lastKnownFileType = file.storyboard; path = HomeStoryboard.storyboard; sourceTree = "<group>"; };
		223EB3E1183E6BC4007D16FE /* NVSlideMenuController.h */ = {isa = PBXFileReference; fileEncoding = 4; lastKnownFileType = sourcecode.c.h; path = NVSlideMenuController.h; sourceTree = "<group>"; };
		223EB3E2183E6BC4007D16FE /* NVSlideMenuController.m */ = {isa = PBXFileReference; fileEncoding = 4; lastKnownFileType = sourcecode.c.objc; path = NVSlideMenuController.m; sourceTree = "<group>"; };
		223EB3E5183E6C88007D16FE /* HomeViewController.h */ = {isa = PBXFileReference; fileEncoding = 4; lastKnownFileType = sourcecode.c.h; path = HomeViewController.h; sourceTree = "<group>"; };
		223EB3E6183E6C88007D16FE /* HomeViewController.m */ = {isa = PBXFileReference; fileEncoding = 4; lastKnownFileType = sourcecode.c.objc; path = HomeViewController.m; sourceTree = "<group>"; };
		223EB3E8183E6CF7007D16FE /* MenuViewController.h */ = {isa = PBXFileReference; fileEncoding = 4; lastKnownFileType = sourcecode.c.h; path = MenuViewController.h; sourceTree = "<group>"; };
		223EB3E9183E6CF7007D16FE /* MenuViewController.m */ = {isa = PBXFileReference; fileEncoding = 4; lastKnownFileType = sourcecode.c.objc; path = MenuViewController.m; sourceTree = "<group>"; };
		223EB3EB183E7A31007D16FE /* QuartzCore.framework */ = {isa = PBXFileReference; lastKnownFileType = wrapper.framework; name = QuartzCore.framework; path = System/Library/Frameworks/QuartzCore.framework; sourceTree = SDKROOT; };
/* End PBXFileReference section */

/* Begin PBXFrameworksBuildPhase section */
		223EB3A8183E6A9B007D16FE /* Frameworks */ = {
			isa = PBXFrameworksBuildPhase;
			buildActionMask = 2147483647;
			files = (
				223EB3EC183E7A31007D16FE /* QuartzCore.framework in Frameworks */,
				223EB3B1183E6A9B007D16FE /* CoreGraphics.framework in Frameworks */,
				223EB3B3183E6A9B007D16FE /* UIKit.framework in Frameworks */,
				223EB3AF183E6A9B007D16FE /* Foundation.framework in Frameworks */,
			);
			runOnlyForDeploymentPostprocessing = 0;
		};
/* End PBXFrameworksBuildPhase section */

/* Begin PBXGroup section */
		223EB3A2183E6A9B007D16FE = {
			isa = PBXGroup;
			children = (
				223EB3B4183E6A9B007D16FE /* OilTank */,
				223EB3AD183E6A9B007D16FE /* Frameworks */,
				223EB3AC183E6A9B007D16FE /* Products */,
			);
			sourceTree = "<group>";
		};
		223EB3AC183E6A9B007D16FE /* Products */ = {
			isa = PBXGroup;
			children = (
				223EB3AB183E6A9B007D16FE /* OilTank.app */,
			);
			name = Products;
			sourceTree = "<group>";
		};
		223EB3AD183E6A9B007D16FE /* Frameworks */ = {
			isa = PBXGroup;
			children = (
				223EB3EB183E7A31007D16FE /* QuartzCore.framework */,
				223EB3AE183E6A9B007D16FE /* Foundation.framework */,
				223EB3B0183E6A9B007D16FE /* CoreGraphics.framework */,
				223EB3B2183E6A9B007D16FE /* UIKit.framework */,
			);
			name = Frameworks;
			sourceTree = "<group>";
		};
		223EB3B4183E6A9B007D16FE /* OilTank */ = {
			isa = PBXGroup;
			children = (
				223EB3E0183E6BB7007D16FE /* Libraries */,
				223EB3E4183E6C61007D16FE /* ViewControllers */,
				223EB3BD183E6A9B007D16FE /* AppDelegate.h */,
				223EB3BE183E6A9B007D16FE /* AppDelegate.m */,
				223EB3B5183E6A9B007D16FE /* Supporting Files */,
			);
			path = OilTank;
			sourceTree = "<group>";
		};
		223EB3B5183E6A9B007D16FE /* Supporting Files */ = {
			isa = PBXGroup;
			children = (
				223EB3C0183E6A9B007D16FE /* Images.xcassets */,
				223EB3B6183E6A9B007D16FE /* OilTank-Info.plist */,
				223EB3B7183E6A9B007D16FE /* InfoPlist.strings */,
				223EB3BA183E6A9B007D16FE /* main.m */,
				223EB3BC183E6A9B007D16FE /* OilTank-Prefix.pch */,
			);
			name = "Supporting Files";
			sourceTree = "<group>";
		};
		223EB3E0183E6BB7007D16FE /* Libraries */ = {
			isa = PBXGroup;
			children = (
				223EB3E1183E6BC4007D16FE /* NVSlideMenuController.h */,
				223EB3E2183E6BC4007D16FE /* NVSlideMenuController.m */,
			);
			name = Libraries;
			sourceTree = "<group>";
		};
		223EB3E4183E6C61007D16FE /* ViewControllers */ = {
			isa = PBXGroup;
			children = (
				223EB3DD183E6AC4007D16FE /* HomeStoryboard.storyboard */,
				223EB3E5183E6C88007D16FE /* HomeViewController.h */,
				223EB3E6183E6C88007D16FE /* HomeViewController.m */,
				223EB3E8183E6CF7007D16FE /* MenuViewController.h */,
				223EB3E9183E6CF7007D16FE /* MenuViewController.m */,
			);
			name = ViewControllers;
			sourceTree = "<group>";
		};
/* End PBXGroup section */

/* Begin PBXNativeTarget section */
		223EB3AA183E6A9B007D16FE /* OilTank */ = {
			isa = PBXNativeTarget;
			buildConfigurationList = 223EB3D7183E6A9B007D16FE /* Build configuration list for PBXNativeTarget "OilTank" */;
			buildPhases = (
				223EB3A7183E6A9B007D16FE /* Sources */,
				223EB3A8183E6A9B007D16FE /* Frameworks */,
				223EB3A9183E6A9B007D16FE /* Resources */,
			);
			buildRules = (
			);
			dependencies = (
			);
			name = OilTank;
			productName = OilTank;
			productReference = 223EB3AB183E6A9B007D16FE /* OilTank.app */;
			productType = "com.apple.product-type.application";
		};
/* End PBXNativeTarget section */

/* Begin PBXProject section */
		223EB3A3183E6A9B007D16FE /* Project object */ = {
			isa = PBXProject;
			attributes = {
				LastUpgradeCheck = 0500;
			};
			buildConfigurationList = 223EB3A6183E6A9B007D16FE /* Build configuration list for PBXProject "OilTank" */;
			compatibilityVersion = "Xcode 3.2";
			developmentRegion = English;
			hasScannedForEncodings = 0;
			knownRegions = (
				en,
			);
			mainGroup = 223EB3A2183E6A9B007D16FE;
			productRefGroup = 223EB3AC183E6A9B007D16FE /* Products */;
			projectDirPath = "";
			projectRoot = "";
			targets = (
				223EB3AA183E6A9B007D16FE /* OilTank */,
			);
		};
/* End PBXProject section */

/* Begin PBXResourcesBuildPhase section */
		223EB3A9183E6A9B007D16FE /* Resources */ = {
			isa = PBXResourcesBuildPhase;
			buildActionMask = 2147483647;
			files = (
				223EB3DE183E6AC4007D16FE /* HomeStoryboard.storyboard in Resources */,
				223EB3B9183E6A9B007D16FE /* InfoPlist.strings in Resources */,
				223EB3C1183E6A9B007D16FE /* Images.xcassets in Resources */,
			);
			runOnlyForDeploymentPostprocessing = 0;
		};
/* End PBXResourcesBuildPhase section */

/* Begin PBXSourcesBuildPhase section */
		223EB3A7183E6A9B007D16FE /* Sources */ = {
			isa = PBXSourcesBuildPhase;
			buildActionMask = 2147483647;
			files = (
				223EB3BF183E6A9B007D16FE /* AppDelegate.m in Sources */,
				223EB3BB183E6A9B007D16FE /* main.m in Sources */,
				223EB3E3183E6BC4007D16FE /* NVSlideMenuController.m in Sources */,
				223EB3E7183E6C88007D16FE /* HomeViewController.m in Sources */,
				223EB3EA183E6CF7007D16FE /* MenuViewController.m in Sources */,
			);
			runOnlyForDeploymentPostprocessing = 0;
		};
/* End PBXSourcesBuildPhase section */

/* Begin PBXVariantGroup section */
		223EB3B7183E6A9B007D16FE /* InfoPlist.strings */ = {
			isa = PBXVariantGroup;
			children = (
				223EB3B8183E6A9B007D16FE /* en */,
			);
			name = InfoPlist.strings;
			sourceTree = "<group>";
		};
/* End PBXVariantGroup section */

/* Begin XCBuildConfiguration section */
		223EB3D5183E6A9B007D16FE /* Debug */ = {
			isa = XCBuildConfiguration;
			buildSettings = {
				ALWAYS_SEARCH_USER_PATHS = NO;
				ARCHS = "$(ARCHS_STANDARD_INCLUDING_64_BIT)";
				CLANG_CXX_LANGUAGE_STANDARD = "gnu++0x";
				CLANG_CXX_LIBRARY = "libc++";
				CLANG_ENABLE_MODULES = YES;
				CLANG_ENABLE_OBJC_ARC = YES;
				CLANG_WARN_BOOL_CONVERSION = YES;
				CLANG_WARN_CONSTANT_CONVERSION = YES;
				CLANG_WARN_DIRECT_OBJC_ISA_USAGE = YES_ERROR;
				CLANG_WARN_EMPTY_BODY = YES;
				CLANG_WARN_ENUM_CONVERSION = YES;
				CLANG_WARN_INT_CONVERSION = YES;
				CLANG_WARN_OBJC_ROOT_CLASS = YES_ERROR;
				CLANG_WARN__DUPLICATE_METHOD_MATCH = YES;
				"CODE_SIGN_IDENTITY[sdk=iphoneos*]" = "iPhone Developer";
				COPY_PHASE_STRIP = NO;
				GCC_C_LANGUAGE_STANDARD = gnu99;
				GCC_DYNAMIC_NO_PIC = NO;
				GCC_OPTIMIZATION_LEVEL = 0;
				GCC_PREPROCESSOR_DEFINITIONS = (
					"DEBUG=1",
					"$(inherited)",
				);
				GCC_SYMBOLS_PRIVATE_EXTERN = NO;
				GCC_WARN_64_TO_32_BIT_CONVERSION = YES;
				GCC_WARN_ABOUT_RETURN_TYPE = YES_ERROR;
				GCC_WARN_UNDECLARED_SELECTOR = YES;
				GCC_WARN_UNINITIALIZED_AUTOS = YES;
				GCC_WARN_UNUSED_FUNCTION = YES;
				GCC_WARN_UNUSED_VARIABLE = YES;
				IPHONEOS_DEPLOYMENT_TARGET = 7.0;
				ONLY_ACTIVE_ARCH = YES;
				SDKROOT = iphoneos;
			};
			name = Debug;
		};
		223EB3D6183E6A9B007D16FE /* Release */ = {
			isa = XCBuildConfiguration;
			buildSettings = {
				ALWAYS_SEARCH_USER_PATHS = NO;
				ARCHS = "$(ARCHS_STANDARD_INCLUDING_64_BIT)";
				CLANG_CXX_LANGUAGE_STANDARD = "gnu++0x";
				CLANG_CXX_LIBRARY = "libc++";
				CLANG_ENABLE_MODULES = YES;
				CLANG_ENABLE_OBJC_ARC = YES;
				CLANG_WARN_BOOL_CONVERSION = YES;
				CLANG_WARN_CONSTANT_CONVERSION = YES;
				CLANG_WARN_DIRECT_OBJC_ISA_USAGE = YES_ERROR;
				CLANG_WARN_EMPTY_BODY = YES;
				CLANG_WARN_ENUM_CONVERSION = YES;
				CLANG_WARN_INT_CONVERSION = YES;
				CLANG_WARN_OBJC_ROOT_CLASS = YES_ERROR;
				CLANG_WARN__DUPLICATE_METHOD_MATCH = YES;
				"CODE_SIGN_IDENTITY[sdk=iphoneos*]" = "iPhone Developer";
				COPY_PHASE_STRIP = YES;
				ENABLE_NS_ASSERTIONS = NO;
				GCC_C_LANGUAGE_STANDARD = gnu99;
				GCC_WARN_64_TO_32_BIT_CONVERSION = YES;
				GCC_WARN_ABOUT_RETURN_TYPE = YES_ERROR;
				GCC_WARN_UNDECLARED_SELECTOR = YES;
				GCC_WARN_UNINITIALIZED_AUTOS = YES;
				GCC_WARN_UNUSED_FUNCTION = YES;
				GCC_WARN_UNUSED_VARIABLE = YES;
				IPHONEOS_DEPLOYMENT_TARGET = 7.0;
				SDKROOT = iphoneos;
				VALIDATE_PRODUCT = YES;
			};
			name = Release;
		};
		223EB3D8183E6A9B007D16FE /* Debug */ = {
			isa = XCBuildConfiguration;
			buildSettings = {
				ASSETCATALOG_COMPILER_APPICON_NAME = AppIcon;
				ASSETCATALOG_COMPILER_LAUNCHIMAGE_NAME = LaunchImage;
				GCC_PRECOMPILE_PREFIX_HEADER = YES;
				GCC_PREFIX_HEADER = "OilTank/OilTank-Prefix.pch";
				INFOPLIST_FILE = "OilTank/OilTank-Info.plist";
				PRODUCT_NAME = "$(TARGET_NAME)";
				WRAPPER_EXTENSION = app;
			};
			name = Debug;
		};
		223EB3D9183E6A9B007D16FE /* Release */ = {
			isa = XCBuildConfiguration;
			buildSettings = {
				ASSETCATALOG_COMPILER_APPICON_NAME = AppIcon;
				ASSETCATALOG_COMPILER_LAUNCHIMAGE_NAME = LaunchImage;
				GCC_PRECOMPILE_PREFIX_HEADER = YES;
				GCC_PREFIX_HEADER = "OilTank/OilTank-Prefix.pch";
				INFOPLIST_FILE = "OilTank/OilTank-Info.plist";
				PRODUCT_NAME = "$(TARGET_NAME)";
				WRAPPER_EXTENSION = app;
			};
			name = Release;
		};
/* End XCBuildConfiguration section */

/* Begin XCConfigurationList section */
		223EB3A6183E6A9B007D16FE /* Build configuration list for PBXProject "OilTank" */ = {
			isa = XCConfigurationList;
			buildConfigurations = (
				223EB3D5183E6A9B007D16FE /* Debug */,
				223EB3D6183E6A9B007D16FE /* Release */,
			);
			defaultConfigurationIsVisible = 0;
			defaultConfigurationName = Release;
		};
		223EB3D7183E6A9B007D16FE /* Build configuration list for PBXNativeTarget "OilTank" */ = {
			isa = XCConfigurationList;
			buildConfigurations = (
				223EB3D8183E6A9B007D16FE /* Debug */,
				223EB3D9183E6A9B007D16FE /* Release */,
			);
			defaultConfigurationIsVisible = 0;
			defaultConfigurationName = Release;
		};
/* End XCConfigurationList section */
	};
	rootObject = 223EB3A3183E6A9B007D16FE /* Project object */;
}
